[[package]]
name = "psycopg"
version = "3.0.15"
description = "PostgreSQL database adapter for Python"
category = "main"
optional = false
python-versions = ">=3.6"

[package.dependencies]
tzdata = {version = "*", markers = "sys_platform == \"win32\""}

[package.extras]
binary = ["psycopg-binary (==3.0.15)"]
c = ["psycopg-c (==3.0.15)"]
dev = ["black (>=22.3.0)", "dnspython (>=2.1)", "flake8 (>=4.0)", "mypy (>=0.920,!=0.930,!=0.931)", "types-setuptools (>=57.4)", "wheel (>=0.37)"]
docs = ["Sphinx (>=4.2)", "furo (==2021.11.23)", "sphinx-autobuild (>=2021.3.14)", "sphinx-autodoc-typehints (>=1.12)", "dnspython (>=2.1)", "shapely (>=1.7)"]
pool = ["psycopg-pool"]
test = ["mypy (>=0.920,!=0.930,!=0.931)", "pproxy (>=2.7)", "pytest (>=6.2.5)", "pytest-asyncio (>=0.16,<0.17)", "pytest-cov (>=3.0)", "pytest-randomly (>=3.10)"]

[[package]]
name = "tzdata"
version = "2022.1"
description = "Provider of IANA time zone data"
category = "main"
optional = false
python-versions = ">=2"

[metadata]
lock-version = "1.1"
python-versions = "^3.9.6"
content-hash = "a3b40059ef8afb0930ef9707f2b74b71529a93963d1464a564a4a3754fe28015"

[metadata.files]
psycopg = [
    {file = "psycopg-3.0.15-py3-none-any.whl", hash = "sha256:9e9beaf38ace6bdf5a5ad969130339d69d61e6ad41114d166779e591bfe40076"},
    {file = "psycopg-3.0.15.tar.gz", hash = "sha256:1c5637f47e9a4d9b742a0b101f39189bebae0f625bfdfb0cf8a54dd5fe677610"},
]
tzdata = [
    {file = "tzdata-2022.1-py2.py3-none-any.whl", hash = "sha256:238e70234214138ed7b4e8a0fab0e5e13872edab3be586ab8198c407620e2ab9"},
    {file = "tzdata-2022.1.tar.gz", hash = "sha256:8b536a8ec63dc0751342b3984193a3118f8fca2afe25752bb9b7fffd398552d3"},
]
